
Microsoft Visual Studio Solution File, Format Version 12.00
Project("{FAE04EC0-301F-11D3-BF4B-00C04F79EFBC}") = "SDLApplication", "SDLApplication\SDLApplication.csproj", "{8E3BB7AE-988D-4C79-8BA2-63A5B2E8C4B9}"
EndProject
Project("{FAE04EC0-301F-11D3-BF4B-00C04F79EFBC}") = "VectorTd", "VectorTd\VectorTd.csproj", "{AE52FDF1-51D9-4927-A883-CD985A20E551}"
EndProject
Project("{FAE04EC0-301F-11D3-BF4B-00C04F79EFBC}") = "Inferno", "Inferno\Inferno.csproj", "{BA57540B-AE08-45F1-9AEF-785215AAF0A3}"
EndProject
Project("{FAE04EC0-301F-11D3-BF4B-00C04F79EFBC}") = "TinyGui", "TinyGui\TinyGui.csproj", "{19DCDD27-36B3-4E1D-AC91-0DF52D033770}"
EndProject
Project("{FAE04EC0-301F-11D3-BF4B-00C04F79EFBC}") = "TinySlots", "TinySlots\TinySlots.csproj", "{5F722A1D-ADA5-4437-B657-6AC19A7A6CF2}"
EndProject
Global
	GlobalSection(SolutionConfigurationPlatforms) = preSolution
		Debug|Any CPU = Debug|Any CPU
		Release|Any CPU = Release|Any CPU
	EndGlobalSection
	GlobalSection(NestedProjects) = preSolution
	EndGlobalSection
	GlobalSection(ProjectConfigurationPlatforms) = postSolution
		{8E3BB7AE-988D-4C79-8BA2-63A5B2E8C4B9}.Debug|Any CPU.ActiveCfg = Debug|Any CPU
		{8E3BB7AE-988D-4C79-8BA2-63A5B2E8C4B9}.Debug|Any CPU.Build.0 = Debug|Any CPU
		{8E3BB7AE-988D-4C79-8BA2-63A5B2E8C4B9}.Release|Any CPU.ActiveCfg = Release|Any CPU
		{8E3BB7AE-988D-4C79-8BA2-63A5B2E8C4B9}.Release|Any CPU.Build.0 = Release|Any CPU
		{AE52FDF1-51D9-4927-A883-CD985A20E551}.Debug|Any CPU.ActiveCfg = Debug|Any CPU
		{AE52FDF1-51D9-4927-A883-CD985A20E551}.Debug|Any CPU.Build.0 = Debug|Any CPU
		{AE52FDF1-51D9-4927-A883-CD985A20E551}.Release|Any CPU.ActiveCfg = Release|Any CPU
		{AE52FDF1-51D9-4927-A883-CD985A20E551}.Release|Any CPU.Build.0 = Release|Any CPU
		{BA57540B-AE08-45F1-9AEF-785215AAF0A3}.Debug|Any CPU.ActiveCfg = Debug|Any CPU
		{BA57540B-AE08-45F1-9AEF-785215AAF0A3}.Debug|Any CPU.Build.0 = Debug|Any CPU
		{BA57540B-AE08-45F1-9AEF-785215AAF0A3}.Release|Any CPU.ActiveCfg = Release|Any CPU
		{BA57540B-AE08-45F1-9AEF-785215AAF0A3}.Release|Any CPU.Build.0 = Release|Any CPU
		{19DCDD27-36B3-4E1D-AC91-0DF52D033770}.Debug|Any CPU.ActiveCfg = Debug|Any CPU
		{19DCDD27-36B3-4E1D-AC91-0DF52D033770}.Debug|Any CPU.Build.0 = Debug|Any CPU
		{19DCDD27-36B3-4E1D-AC91-0DF52D033770}.Release|Any CPU.ActiveCfg = Release|Any CPU
		{19DCDD27-36B3-4E1D-AC91-0DF52D033770}.Release|Any CPU.Build.0 = Release|Any CPU
		{5F722A1D-ADA5-4437-B657-6AC19A7A6CF2}.Debug|Any CPU.ActiveCfg = Debug|Any CPU
		{5F722A1D-ADA5-4437-B657-6AC19A7A6CF2}.Debug|Any CPU.Build.0 = Debug|Any CPU
		{5F722A1D-ADA5-4437-B657-6AC19A7A6CF2}.Release|Any CPU.ActiveCfg = Release|Any CPU
		{5F722A1D-ADA5-4437-B657-6AC19A7A6CF2}.Release|Any CPU.Build.0 = Release|Any CPU
	EndGlobalSection
EndGlobal
