
Microsoft Visual Studio Solution File, Format Version 12.00
Project("{FAE04EC0-301F-11D3-BF4B-00C04F79EFBC}") = "SDLApplication", "SDLApplication\SDLApplication.csproj", "{8E3BB7AE-988D-4C79-8BA2-63A5B2E8C4B9}"
EndProject
Project("{FAE04EC0-301F-11D3-BF4B-00C04F79EFBC}") = "VectorTd", "VectorTd\VectorTd.csproj", "{AE52FDF1-51D9-4927-A883-CD985A20E551}"
EndProject
Project("{FAE04EC0-301F-11D3-BF4B-00C04F79EFBC}") = "MapGenTest", "Crawler\MapGenTest\MapGenTest.csproj", "{AB500E33-A762-4BCD-90BF-9F5B418C8E4E}"
EndProject
Global
	GlobalSection(SolutionConfigurationPlatforms) = preSolution
		Debug|Any CPU = Debug|Any CPU
		Release|Any CPU = Release|Any CPU
	EndGlobalSection
	GlobalSection(NestedProjects) = preSolution
	EndGlobalSection
	GlobalSection(ProjectConfigurationPlatforms) = postSolution
		{8E3BB7AE-988D-4C79-8BA2-63A5B2E8C4B9}.Debug|Any CPU.ActiveCfg = Debug|Any CPU
		{8E3BB7AE-988D-4C79-8BA2-63A5B2E8C4B9}.Debug|Any CPU.Build.0 = Debug|Any CPU
		{8E3BB7AE-988D-4C79-8BA2-63A5B2E8C4B9}.Release|Any CPU.ActiveCfg = Release|Any CPU
		{8E3BB7AE-988D-4C79-8BA2-63A5B2E8C4B9}.Release|Any CPU.Build.0 = Release|Any CPU
		{AE52FDF1-51D9-4927-A883-CD985A20E551}.Debug|Any CPU.ActiveCfg = Debug|Any CPU
		{AE52FDF1-51D9-4927-A883-CD985A20E551}.Debug|Any CPU.Build.0 = Debug|Any CPU
		{AE52FDF1-51D9-4927-A883-CD985A20E551}.Release|Any CPU.ActiveCfg = Release|Any CPU
		{AE52FDF1-51D9-4927-A883-CD985A20E551}.Release|Any CPU.Build.0 = Release|Any CPU
		{AB500E33-A762-4BCD-90BF-9F5B418C8E4E}.Debug|Any CPU.ActiveCfg = Debug|Any CPU
		{AB500E33-A762-4BCD-90BF-9F5B418C8E4E}.Debug|Any CPU.Build.0 = Debug|Any CPU
		{AB500E33-A762-4BCD-90BF-9F5B418C8E4E}.Release|Any CPU.ActiveCfg = Release|Any CPU
		{AB500E33-A762-4BCD-90BF-9F5B418C8E4E}.Release|Any CPU.Build.0 = Release|Any CPU
	EndGlobalSection
EndGlobal
